github.com/PuerkitoBio/goquery v1.5.0 h1:uGvmFXOA73IKluu/F84Xd1tt/z07GYm8X49XKHP7EJk=
github.com/PuerkitoBio/goquery v1.5.0/go.mod h1:qD2PgZ9lccMbQlc7eEOjaeRlFQON7xY8kdmcsrnKqMg=
github.com/andybalholm/cascadia v1.0.0 h1:hOCXnnZ5A+3eVDX8pvgl4kofXv2ELss0bKcqRySc45o=
github.com/andybalholm/cascadia v1.0.0/go.mod h1:GsXiBklL0woXo1j/WYWtSYYC4ouU9PqHO0sqidkEA4Y=
github.com/cavaliercoder/grab v2.0.0+incompatible h1:wZHbBQx56+Yxjx2TCGDcenhh3cJn7cCLMfkEPmySTSE=
github.com/cavaliercoder/grab v2.0.0+incompatible/go.mod h1:tTBkfNqSBfuMmMBFaO2phgyhdYhiZQ/+iXCZDzcDsMI=
github.com/codegangsta/cli v1.20.0/go.mod h1:/qJNoX69yVSKu5o4jLyXAENLRyk1uhi7zkbQ3slBdOA=
github.com/davecgh/go-spew v1.1.1 h1:vj9j/u1bqnvCEfJOwUhtlOARqs3+rkHYY13jYWTU97c=
github.com/davecgh/go-spew v1.1.1/go.mod h1:J7Y8YcW2NihsgmVo/mv3lAwl/skON4iLHjSsI+c5H38=
github.com/go-test/deep v1.0.4 h1:u2CU3YKy9I2pmu9pX0eq50wCgjfGIt539SqR7FbHiho=
github.com/go-test/deep v1.0.4/go.mod h1:wGDj63lr65AM2AQyKZd/NYHGb0R+1RLqB8NKt3aSFNA=
github.com/google/go-cmp v0.4.1 h1:/exdXoGamhu5ONeUJH0deniYLWYvQwW66yvlfiiKTu0=
github.com/google/go-cmp v0.4.1/go.mod h1:v8dTdLbMG2kIc/vJvl+f65V22dbkXbowE6jgT/gNBxE=
github.com/ilyaglow/go-pypi v0.0.3-0.20200823222104-b11d6afa10fe h1:h9FspnH1l1nVp5C2iSuQEM5sdijIW7gl5dgaJBX6UW4=
github.com/ilyaglow/go-pypi v0.0.3-0.20200823222104-b11d6afa10fe/go.mod h1:CMYi0eUMnIstrrhmzze3y3V7hYfHHtFuV+1X4N57bWY=
github.com/mmcdole/gofeed v1.0.0 h1:PHqwr8fsEm8xarj9s53XeEAFYhRM3E9Ib7Ie766/LTE=
github.com/mmcdole/gofeed v1.0.0/go.mod h1:tkVcyzS3qVMlQrQxJoEH1hkTiuo9a8emDzkMi7TZBu0=
github.com/mmcdole/goxpp v0.0.0-20181012175147-0068e33feabf h1:sWGE2v+hO0Nd4yFU/S/mDBM5plIU8v/Qhfz41hkDIAI=
github.com/mmcdole/goxpp v0.0.0-20181012175147-0068e33feabf/go.mod h1:pasqhqstspkosTneA62Nc+2p9SOBBYAPbnmRRWPQ0V8=
github.com/philippgille/gokv v0.0.0-20191001201555-5ac9a20de634/go.mod h1:OCoWPt+mbYuTO1FUVrQ2SxQU0oaaHBsn6lRhFX3JHOc=
github.com/philippgille/gokv v0.5.1-0.20191011213304-eb77f15b9c61/go.mod h1:OCoWPt+mbYuTO1FUVrQ2SxQU0oaaHBsn6lRhFX3JHOc=
github.com/philippgille/gokv v0.6.0 h1:fNEx/tSwV73nzlYd3iRYB8F+SEVJNNFzH1gsaT8SK2c=
github.com/philippgille/gokv v0.6.0/go.mod h1:tjXRFw9xDHgxLS8WJdfYotKGWp8TWqu4RdXjMDG/XBo=
github.com/philippgille/gokv/bbolt v0.6.0 h1:1Dz1vfth4CmQlgiU2SNXr0guQfncm0suLQD3V9N2/+g=
github.com/philippgille/gokv/bbolt v0.6.0/go.mod h1:usoSAx4i7w+e9MdyfO/cRVDJPaakISTk+oHyn4IkznQ=
github.com/philippgille/gokv/encoding v0.0.0-20191011213304-eb77f15b9c61 h1:IgQDuUPuEFVf22mBskeCLAtvd5c9XiiJG2UYud6eGHI=
github.com/philippgille/gokv/encoding v0.0.0-20191011213304-eb77f15b9c61/go.mod h1:SjxSrCoeYrYn85oTtroyG1ePY8aE72nvLQlw8IYwAN8=
github.com/philippgille/gokv/test v0.0.0-20191011213304-eb77f15b9c61 h1:4tVyBgfpK0NSqu7tNZTwYfC/pbyWUR2y+O7mxEg5BTQ=
github.com/philippgille/gokv/test v0.0.0-20191011213304-eb77f15b9c61/go.mod h1:EUc+s9ONc1+VOr9NUEd8S0YbGRrQd/gz/p+2tvwt12s=
github.com/philippgille/gokv/util v0.0.0-20191011213304-eb77f15b9c61 h1:ril/jI0JgXNjPWwDkvcRxlZ09kgHXV2349xChjbsQ4o=
github.com/philippgille/gokv/util v0.0.0-20191011213304-eb77f15b9c61/go.mod h1:2dBhsJgY/yVIkjY5V3AnDUxUbEPzT6uQ3LvoVT8TR20=
github.com/pkg/errors v0.9.1 h1:FEBLx1zS214owpjy7qsBeixbURkuhQAwrK5UwLGTwt4=
github.com/pkg/errors v0.9.1/go.mod h1:bwawxfHBFNV+L2hUp1rHADufV3IMtnDRdf1r5NINEl0=
github.com/pmezard/go-difflib v1.0.0 h1:4DBwDE0NGyQoBHbLQYPwSUPoCMWR5BEzIk/f1lZbAQM=
github.com/pmezard/go-difflib v1.0.0/go.mod h1:iKH77koFhYxTK1pcRnkKkqfTogsbg7gZNVY4sRDYZ/4=
github.com/stretchr/testify v1.2.2 h1:bSDNvY7ZPG5RlJ8otE/7V6gMiyenm9RtJ7IUVIAoJ1w=
github.com/stretchr/testify v1.2.2/go.mod h1:a8OnRcib4nhh0OaRAV+Yts87kKdq0PP7pXfy6kDkUVs=
go.etcd.io/bbolt v1.3.3 h1:MUGmc65QhB3pIlaQ5bB4LwqSj6GIonVJXpZiaKNyaKk=
go.etcd.io/bbolt v1.3.3/go.mod h1:IbVyRI1SCnLcuJnV2u8VeU0CEYM7e686BmAb1XKL+uU=
golang.org/x/net v0.0.0-20180218175443-cbe0f9307d01/go.mod h1:mL1N/T3taQHkDXs73rZJwtUhF3w3ftmwwsq0BUmARs4=
golang.org/x/net v0.0.0-20181114220301-adae6a3d119a/go.mod h1:mL1N/T3taQHkDXs73rZJwtUhF3w3ftmwwsq0BUmARs4=
golang.org/x/net v0.0.0-20181220203305-927f97764cc3 h1:eH6Eip3UpmR+yM/qI9Ijluzb1bNv/cAU/n+6l8tRSis=
golang.org/x/net v0.0.0-20181220203305-927f97764cc3/go.mod h1:mL1N/T3taQHkDXs73rZJwtUhF3w3ftmwwsq0BUmARs4=
golang.org/x/sync v0.0.0-20200625203802-6e8e738ad208 h1:qwRHBd0NqMbJxfbotnDhm2ByMI1Shq4Y6oRJo21SGJA=
golang.org/x/sync v0.0.0-20200625203802-6e8e738ad208/go.mod h1:RxMgew5VJxzue5/jJTE5uejpjVlOe/izrB70Jof72aM=
golang.org/x/sys v0.0.0-20191010194322-b09406accb47 h1:/XfQ9z7ib8eEJX2hdgFTZJ/ntt0swNk5oYBziWeTCvY=
golang.org/x/sys v0.0.0-20191010194322-b09406accb47/go.mod h1:h1NjWce9XRLGQEsW7wpKNCjG9DtNlClVuFLEZdDNbEs=
golang.org/x/text v0.3.0 h1:g61tztE5qeGQ89tm6NTjjM9VPIm088od1l6aSorWRWg=
golang.org/x/text v0.3.0/go.mod h1:NqM8EUOU14njkJ3fqMW+pc6Ldnwhi/IjpwHt7yyuwOQ=
golang.org/x/xerrors v0.0.0-20191204190536-9bdfabe68543 h1:E7g+9GITq07hpfrRu66IVDexMakfv52eLZ2CXBWiKr4=
golang.org/x/xerrors v0.0.0-20191204190536-9bdfabe68543/go.mod h1:I/5z698sn9Ka8TeJc9MKroUUfqBBauWjQqLJ2OPfmY0=
gotest.tools v2.2.0+incompatible h1:VsBPFP1AI068pPrMxtb/S8Zkgf9xEmTLJjfM+P5UIEo=
gotest.tools v2.2.0+incompatible/go.mod h1:DsYFclhRJ6vuDpmuTbkuFWG+y2sxOXAzmJt81HFBacw=
